
Microsoft Visual Studio Solution File, Format Version 12.00
# Visual Studio Version 16
VisualStudioVersion = 16.0.30128.74
MinimumVisualStudioVersion = 10.0.40219.1
Project("{9A19103F-16F7-4668-BE54-9A1E7A4F7556}") = "GatewayManager.Data", "GatewayManager.Data\GatewayManager.Data.csproj", "{27373CC4-49A8-4679-9688-1AD2FF0FA288}"
EndProject
Project("{9A19103F-16F7-4668-BE54-9A1E7A4F7556}") = "GatewayManager.DataModels", "GatewayManager.DataModels\GatewayManager.DataModels.csproj", "{ADAB11BE-316B-478E-9CBB-57AC4BD7FB5E}"
EndProject
Project("{9A19103F-16F7-4668-BE54-9A1E7A4F7556}") = "GatewayManager.Web", "GatewayManager.Web\GatewayManager.Web.csproj", "{E95D2949-57F9-4F33-A92F-1190DBE23687}"
EndProject
Project("{9A19103F-16F7-4668-BE54-9A1E7A4F7556}") = "GatewayManager.Services", "GatewayManager.Services\GatewayManager.Services.csproj", "{FA98A6F7-EF2D-415D-AFEF-4B50543C906A}"
EndProject
Project("{FAE04EC0-301F-11D3-BF4B-00C04F79EFBC}") = "GatewayManager.Services.Tests", "GatewayManager.Services.Tests\GatewayManager.Services.Tests.csproj", "{E5800935-967F-486A-B60A-15193F09720A}"
EndProject
Global
	GlobalSection(SolutionConfigurationPlatforms) = preSolution
		Debug|Any CPU = Debug|Any CPU
		Release|Any CPU = Release|Any CPU
	EndGlobalSection
	GlobalSection(ProjectConfigurationPlatforms) = postSolution
		{27373CC4-49A8-4679-9688-1AD2FF0FA288}.Debug|Any CPU.ActiveCfg = Debug|Any CPU
		{27373CC4-49A8-4679-9688-1AD2FF0FA288}.Debug|Any CPU.Build.0 = Debug|Any CPU
		{27373CC4-49A8-4679-9688-1AD2FF0FA288}.Release|Any CPU.ActiveCfg = Release|Any CPU
		{27373CC4-49A8-4679-9688-1AD2FF0FA288}.Release|Any CPU.Build.0 = Release|Any CPU
		{ADAB11BE-316B-478E-9CBB-57AC4BD7FB5E}.Debug|Any CPU.ActiveCfg = Debug|Any CPU
		{ADAB11BE-316B-478E-9CBB-57AC4BD7FB5E}.Debug|Any CPU.Build.0 = Debug|Any CPU
		{ADAB11BE-316B-478E-9CBB-57AC4BD7FB5E}.Release|Any CPU.ActiveCfg = Release|Any CPU
		{ADAB11BE-316B-478E-9CBB-57AC4BD7FB5E}.Release|Any CPU.Build.0 = Release|Any CPU
		{E95D2949-57F9-4F33-A92F-1190DBE23687}.Debug|Any CPU.ActiveCfg = Debug|Any CPU
		{E95D2949-57F9-4F33-A92F-1190DBE23687}.Debug|Any CPU.Build.0 = Debug|Any CPU
		{E95D2949-57F9-4F33-A92F-1190DBE23687}.Release|Any CPU.ActiveCfg = Release|Any CPU
		{E95D2949-57F9-4F33-A92F-1190DBE23687}.Release|Any CPU.Build.0 = Release|Any CPU
		{FA98A6F7-EF2D-415D-AFEF-4B50543C906A}.Debug|Any CPU.ActiveCfg = Debug|Any CPU
		{FA98A6F7-EF2D-415D-AFEF-4B50543C906A}.Debug|Any CPU.Build.0 = Debug|Any CPU
		{FA98A6F7-EF2D-415D-AFEF-4B50543C906A}.Release|Any CPU.ActiveCfg = Release|Any CPU
		{FA98A6F7-EF2D-415D-AFEF-4B50543C906A}.Release|Any CPU.Build.0 = Release|Any CPU
		{E5800935-967F-486A-B60A-15193F09720A}.Debug|Any CPU.ActiveCfg = Debug|Any CPU
		{E5800935-967F-486A-B60A-15193F09720A}.Debug|Any CPU.Build.0 = Debug|Any CPU
		{E5800935-967F-486A-B60A-15193F09720A}.Release|Any CPU.ActiveCfg = Release|Any CPU
		{E5800935-967F-486A-B60A-15193F09720A}.Release|Any CPU.Build.0 = Release|Any CPU
	EndGlobalSection
	GlobalSection(SolutionProperties) = preSolution
		HideSolutionNode = FALSE
	EndGlobalSection
	GlobalSection(ExtensibilityGlobals) = postSolution
		SolutionGuid = {45F5046A-1610-445C-915B-57E7BBCD4CCE}
	EndGlobalSection
EndGlobal
